
Microsoft Visual Studio Solution File, Format Version 12.00
# Visual Studio 14
VisualStudioVersion = 14.0.25123.0
MinimumVisualStudioVersion = 10.0.40219.1
Project("{FAE04EC0-301F-11D3-BF4B-00C04F79EFBC}") = "Lesson3", "Lesson3\Lesson3.csproj", "{D2AC9861-2BD6-403D-BAB8-BD6B3C080A2C}"
EndProject
Global
	GlobalSection(SolutionConfigurationPlatforms) = preSolution
		Debug|Any CPU = Debug|Any CPU
		Release|Any CPU = Release|Any CPU
	EndGlobalSection
	GlobalSection(ProjectConfigurationPlatforms) = postSolution
		{D2AC9861-2BD6-403D-BAB8-BD6B3C080A2C}.Debug|Any CPU.ActiveCfg = Debug|Any CPU
		{D2AC9861-2BD6-403D-BAB8-BD6B3C080A2C}.Debug|Any CPU.Build.0 = Debug|Any CPU
		{D2AC9861-2BD6-403D-BAB8-BD6B3C080A2C}.Release|Any CPU.ActiveCfg = Release|Any CPU
		{D2AC9861-2BD6-403D-BAB8-BD6B3C080A2C}.Release|Any CPU.Build.0 = Release|Any CPU
	EndGlobalSection
	GlobalSection(SolutionProperties) = preSolution
		HideSolutionNode = FALSE
	EndGlobalSection
EndGlobal
